
Microsoft Visual Studio Solution File, Format Version 12.00
# Visual Studio Version 17
VisualStudioVersion = 17.8.34322.80
MinimumVisualStudioVersion = 10.0.40219.1
Project("{9A19103F-16F7-4668-BE54-9A1E7A4F7556}") = "MyStore", "MyStore\MyStore.csproj", "{DEDAE417-719C-490B-B8E0-99BB8BCDD325}"
EndProject
Global
	GlobalSection(SolutionConfigurationPlatforms) = preSolution
		Debug|Any CPU = Debug|Any CPU
		Release|Any CPU = Release|Any CPU
	EndGlobalSection
	GlobalSection(ProjectConfigurationPlatforms) = postSolution
		{DEDAE417-719C-490B-B8E0-99BB8BCDD325}.Debug|Any CPU.ActiveCfg = Debug|Any CPU
		{DEDAE417-719C-490B-B8E0-99BB8BCDD325}.Debug|Any CPU.Build.0 = Debug|Any CPU
		{DEDAE417-719C-490B-B8E0-99BB8BCDD325}.Release|Any CPU.ActiveCfg = Release|Any CPU
		{DEDAE417-719C-490B-B8E0-99BB8BCDD325}.Release|Any CPU.Build.0 = Release|Any CPU
	EndGlobalSection
	GlobalSection(SolutionProperties) = preSolution
		HideSolutionNode = FALSE
	EndGlobalSection
	GlobalSection(ExtensibilityGlobals) = postSolution
		SolutionGuid = {09826D3E-69E0-47DE-AB6C-0FD72328E1C4}
	EndGlobalSection
EndGlobal
